
Microsoft Visual Studio Solution File, Format Version 12.00
# Visual Studio Version 16
VisualStudioVersion = 16.0.31729.503
MinimumVisualStudioVersion = 10.0.40219.1
Project("{FAE04EC0-301F-11D3-BF4B-00C04F79EFBC}") = "Final_hw", "Final_hw.csproj", "{03377637-C675-46A7-80E9-16A68835F6FE}"
EndProject
Project("{FAE04EC0-301F-11D3-BF4B-00C04F79EFBC}") = "Aim", "..\ConsoleApp1\Aim.csproj", "{4CE0355F-88DC-40D1-9532-A52C3C1E8B8D}"
EndProject
Global
	GlobalSection(SolutionConfigurationPlatforms) = preSolution
		Debug|Any CPU = Debug|Any CPU
		Release|Any CPU = Release|Any CPU
	EndGlobalSection
	GlobalSection(ProjectConfigurationPlatforms) = postSolution
		{03377637-C675-46A7-80E9-16A68835F6FE}.Debug|Any CPU.ActiveCfg = Debug|Any CPU
		{03377637-C675-46A7-80E9-16A68835F6FE}.Debug|Any CPU.Build.0 = Debug|Any CPU
		{03377637-C675-46A7-80E9-16A68835F6FE}.Release|Any CPU.ActiveCfg = Release|Any CPU
		{03377637-C675-46A7-80E9-16A68835F6FE}.Release|Any CPU.Build.0 = Release|Any CPU
		{4CE0355F-88DC-40D1-9532-A52C3C1E8B8D}.Debug|Any CPU.ActiveCfg = Debug|Any CPU
		{4CE0355F-88DC-40D1-9532-A52C3C1E8B8D}.Debug|Any CPU.Build.0 = Debug|Any CPU
		{4CE0355F-88DC-40D1-9532-A52C3C1E8B8D}.Release|Any CPU.ActiveCfg = Release|Any CPU
		{4CE0355F-88DC-40D1-9532-A52C3C1E8B8D}.Release|Any CPU.Build.0 = Release|Any CPU
	EndGlobalSection
	GlobalSection(SolutionProperties) = preSolution
		HideSolutionNode = FALSE
	EndGlobalSection
	GlobalSection(ExtensibilityGlobals) = postSolution
		SolutionGuid = {FA9ABF59-F19C-4515-B9E2-D3EE82B8435D}
	EndGlobalSection
EndGlobal
